
Microsoft Visual Studio Solution File, Format Version 12.00
# Visual Studio Version 16
VisualStudioVersion = 16.0.31313.79
MinimumVisualStudioVersion = 10.0.40219.1
Project("{FAE04EC0-301F-11D3-BF4B-00C04F79EFBC}") = "Robot_Problem", "Robot_Problem.csproj", "{1634C42E-4641-4287-94C0-EA6CFA96D2A7}"
EndProject
Global
	GlobalSection(SolutionConfigurationPlatforms) = preSolution
		Debug|Any CPU = Debug|Any CPU
		Release|Any CPU = Release|Any CPU
	EndGlobalSection
	GlobalSection(ProjectConfigurationPlatforms) = postSolution
		{1634C42E-4641-4287-94C0-EA6CFA96D2A7}.Debug|Any CPU.ActiveCfg = Debug|Any CPU
		{1634C42E-4641-4287-94C0-EA6CFA96D2A7}.Debug|Any CPU.Build.0 = Debug|Any CPU
		{1634C42E-4641-4287-94C0-EA6CFA96D2A7}.Release|Any CPU.ActiveCfg = Release|Any CPU
		{1634C42E-4641-4287-94C0-EA6CFA96D2A7}.Release|Any CPU.Build.0 = Release|Any CPU
	EndGlobalSection
	GlobalSection(SolutionProperties) = preSolution
		HideSolutionNode = FALSE
	EndGlobalSection
	GlobalSection(ExtensibilityGlobals) = postSolution
		SolutionGuid = {963EEA66-77CB-4940-A226-234EA2498CFA}
	EndGlobalSection
EndGlobal
